// !$*UTF8*$!
{
	archiveVersion = 1;
	classes = {
	};
	objectVersion = 46;
	objects = {

/* Begin PBXBuildFile section */
		A83E8F591CF2455800A5F383 /* AppDelegate.m in Sources */ = {isa = PBXBuildFile; fileRef = A83E8F581CF2455800A5F383 /* AppDelegate.m */; };
		A83E8F5C1CF2455800A5F383 /* main.m in Sources */ = {isa = PBXBuildFile; fileRef = A83E8F5B1CF2455800A5F383 /* main.m */; };
		A83E8F5F1CF2455800A5F383 /* ViewController.m in Sources */ = {isa = PBXBuildFile; fileRef = A83E8F5E1CF2455800A5F383 /* ViewController.m */; };
		A83E8F611CF2455800A5F383 /* Assets.xcassets in Resources */ = {isa = PBXBuildFile; fileRef = A83E8F601CF2455800A5F383 /* Assets.xcassets */; };
		A83E8F641CF2455800A5F383 /* Main.storyboard in Resources */ = {isa = PBXBuildFile; fileRef = A83E8F621CF2455800A5F383 /* Main.storyboard */; };
		A83E8F6F1CF2455800A5F383 /* TimerAppTests.m in Sources */ = {isa = PBXBuildFile; fileRef = A83E8F6E1CF2455800A5F383 /* TimerAppTests.m */; };
		A83E8F7A1CF2455800A5F383 /* TimerAppUITests.m in Sources */ = {isa = PBXBuildFile; fileRef = A83E8F791CF2455800A5F383 /* TimerAppUITests.m */; };
		A83E8F891CF252B700A5F383 /* TimerThread.m in Sources */ = {isa = PBXBuildFile; fileRef = A83E8F881CF252B700A5F383 /* TimerThread.m */; };
		A83E901D1CF39B9500A5F383 /* MyTimerData.m in Sources */ = {isa = PBXBuildFile; fileRef = A83E901C1CF39B9500A5F383 /* MyTimerData.m */; };
		A83E90201CF3A55B00A5F383 /* MyTableViewDataSource.m in Sources */ = {isa = PBXBuildFile; fileRef = A83E901F1CF3A55B00A5F383 /* MyTableViewDataSource.m */; };
		A83E90301CF3D2E600A5F383 /* MyModalViewController.m in Sources */ = {isa = PBXBuildFile; fileRef = A83E902E1CF3D2E600A5F383 /* MyModalViewController.m */; };
		A83E90311CF3D2E600A5F383 /* MyModalViewController.xib in Resources */ = {isa = PBXBuildFile; fileRef = A83E902F1CF3D2E600A5F383 /* MyModalViewController.xib */; };
		A8401D9E1CF65BBF0036B4EC /* TimerWindowController.m in Sources */ = {isa = PBXBuildFile; fileRef = A8401D9C1CF65BBF0036B4EC /* TimerWindowController.m */; };
		A8401D9F1CF65BBF0036B4EC /* TimerWindowController.xib in Resources */ = {isa = PBXBuildFile; fileRef = A8401D9D1CF65BBF0036B4EC /* TimerWindowController.xib */; };
		A8401DAF1CF6E51E0036B4EC /* OnlyIntegerValueFormatter.m in Sources */ = {isa = PBXBuildFile; fileRef = A8401DAE1CF6E51E0036B4EC /* OnlyIntegerValueFormatter.m */; };
/* End PBXBuildFile section */

/* Begin PBXContainerItemProxy section */
		A83E8F6B1CF2455800A5F383 /* PBXContainerItemProxy */ = {
			isa = PBXContainerItemProxy;
			containerPortal = A83E8F4C1CF2455800A5F383 /* Project object */;
			proxyType = 1;
			remoteGlobalIDString = A83E8F531CF2455800A5F383;
			remoteInfo = TimerApp;
		};
		A83E8F761CF2455800A5F383 /* PBXContainerItemProxy */ = {
			isa = PBXContainerItemProxy;
			containerPortal = A83E8F4C1CF2455800A5F383 /* Project object */;
			proxyType = 1;
			remoteGlobalIDString = A83E8F531CF2455800A5F383;
			remoteInfo = TimerApp;
		};
/* End PBXContainerItemProxy section */

/* Begin PBXFileReference section */
		A83E8F541CF2455800A5F383 /* TimerApp.app */ = {isa = PBXFileReference; explicitFileType = wrapper.application; includeInIndex = 0; path = TimerApp.app; sourceTree = BUILT_PRODUCTS_DIR; };
		A83E8F571CF2455800A5F383 /* AppDelegate.h */ = {isa = PBXFileReference; lastKnownFileType = sourcecode.c.h; path = AppDelegate.h; sourceTree = "<group>"; };
		A83E8F581CF2455800A5F383 /* AppDelegate.m */ = {isa = PBXFileReference; lastKnownFileType = sourcecode.c.objc; path = AppDelegate.m; sourceTree = "<group>"; };
		A83E8F5B1CF2455800A5F383 /* main.m */ = {isa = PBXFileReference; lastKnownFileType = sourcecode.c.objc; path = main.m; sourceTree = "<group>"; };
		A83E8F5D1CF2455800A5F383 /* ViewController.h */ = {isa = PBXFileReference; lastKnownFileType = sourcecode.c.h; path = ViewController.h; sourceTree = "<group>"; };
		A83E8F5E1CF2455800A5F383 /* ViewController.m */ = {isa = PBXFileReference; lastKnownFileType = sourcecode.c.objc; path = ViewController.m; sourceTree = "<group>"; };
		A83E8F601CF2455800A5F383 /* Assets.xcassets */ = {isa = PBXFileReference; lastKnownFileType = folder.assetcatalog; path = Assets.xcassets; sourceTree = "<group>"; };
		A83E8F631CF2455800A5F383 /* Base */ = {isa = PBXFileReference; lastKnownFileType = file.storyboard; name = Base; path = Base.lproj/Main.storyboard; sourceTree = "<group>"; };
		A83E8F651CF2455800A5F383 /* Info.plist */ = {isa = PBXFileReference; lastKnownFileType = text.plist.xml; path = Info.plist; sourceTree = "<group>"; };
		A83E8F6A1CF2455800A5F383 /* TimerAppTests.xctest */ = {isa = PBXFileReference; explicitFileType = wrapper.cfbundle; includeInIndex = 0; path = TimerAppTests.xctest; sourceTree = BUILT_PRODUCTS_DIR; };
		A83E8F6E1CF2455800A5F383 /* TimerAppTests.m */ = {isa = PBXFileReference; lastKnownFileType = sourcecode.c.objc; path = TimerAppTests.m; sourceTree = "<group>"; };
		A83E8F701CF2455800A5F383 /* Info.plist */ = {isa = PBXFileReference; lastKnownFileType = text.plist.xml; path = Info.plist; sourceTree = "<group>"; };
		A83E8F751CF2455800A5F383 /* TimerAppUITests.xctest */ = {isa = PBXFileReference; explicitFileType = wrapper.cfbundle; includeInIndex = 0; path = TimerAppUITests.xctest; sourceTree = BUILT_PRODUCTS_DIR; };
		A83E8F791CF2455800A5F383 /* TimerAppUITests.m */ = {isa = PBXFileReference; lastKnownFileType = sourcecode.c.objc; path = TimerAppUITests.m; sourceTree = "<group>"; };
		A83E8F7B1CF2455800A5F383 /* Info.plist */ = {isa = PBXFileReference; lastKnownFileType = text.plist.xml; path = Info.plist; sourceTree = "<group>"; };
		A83E8F871CF252B700A5F383 /* TimerThread.h */ = {isa = PBXFileReference; fileEncoding = 4; lastKnownFileType = sourcecode.c.h; path = TimerThread.h; sourceTree = "<group>"; };
		A83E8F881CF252B700A5F383 /* TimerThread.m */ = {isa = PBXFileReference; fileEncoding = 4; lastKnownFileType = sourcecode.c.objc; path = TimerThread.m; sourceTree = "<group>"; };
		A83E901B1CF39B9400A5F383 /* MyTimerData.h */ = {isa = PBXFileReference; fileEncoding = 4; lastKnownFileType = sourcecode.c.h; path = MyTimerData.h; sourceTree = "<group>"; };
		A83E901C1CF39B9500A5F383 /* MyTimerData.m */ = {isa = PBXFileReference; fileEncoding = 4; lastKnownFileType = sourcecode.c.objc; path = MyTimerData.m; sourceTree = "<group>"; };
		A83E901E1CF3A55B00A5F383 /* MyTableViewDataSource.h */ = {isa = PBXFileReference; fileEncoding = 4; lastKnownFileType = sourcecode.c.h; path = MyTableViewDataSource.h; sourceTree = "<group>"; };
		A83E901F1CF3A55B00A5F383 /* MyTableViewDataSource.m */ = {isa = PBXFileReference; fileEncoding = 4; lastKnownFileType = sourcecode.c.objc; path = MyTableViewDataSource.m; sourceTree = "<group>"; };
		A83E902D1CF3D2E600A5F383 /* MyModalViewController.h */ = {isa = PBXFileReference; fileEncoding = 4; lastKnownFileType = sourcecode.c.h; path = MyModalViewController.h; sourceTree = "<group>"; };
		A83E902E1CF3D2E600A5F383 /* MyModalViewController.m */ = {isa = PBXFileReference; fileEncoding = 4; lastKnownFileType = sourcecode.c.objc; path = MyModalViewController.m; sourceTree = "<group>"; };
		A83E902F1CF3D2E600A5F383 /* MyModalViewController.xib */ = {isa = PBXFileReference; fileEncoding = 4; lastKnownFileType = file.xib; path = MyModalViewController.xib; sourceTree = "<group>"; };
		A8401D9B1CF65BBF0036B4EC /* TimerWindowController.h */ = {isa = PBXFileReference; fileEncoding = 4; lastKnownFileType = sourcecode.c.h; path = TimerWindowController.h; sourceTree = "<group>"; };
		A8401D9C1CF65BBF0036B4EC /* TimerWindowController.m */ = {isa = PBXFileReference; fileEncoding = 4; lastKnownFileType = sourcecode.c.objc; path = TimerWindowController.m; sourceTree = "<group>"; };
		A8401D9D1CF65BBF0036B4EC /* TimerWindowController.xib */ = {isa = PBXFileReference; fileEncoding = 4; lastKnownFileType = file.xib; path = TimerWindowController.xib; sourceTree = "<group>"; };
		A8401DAD1CF6E51E0036B4EC /* OnlyIntegerValueFormatter.h */ = {isa = PBXFileReference; fileEncoding = 4; lastKnownFileType = sourcecode.c.h; path = OnlyIntegerValueFormatter.h; sourceTree = "<group>"; };
		A8401DAE1CF6E51E0036B4EC /* OnlyIntegerValueFormatter.m */ = {isa = PBXFileReference; fileEncoding = 4; lastKnownFileType = sourcecode.c.objc; path = OnlyIntegerValueFormatter.m; sourceTree = "<group>"; };
/* End PBXFileReference section */

/* Begin PBXFrameworksBuildPhase section */
		A83E8F511CF2455800A5F383 /* Frameworks */ = {
			isa = PBXFrameworksBuildPhase;
			buildActionMask = 2147483647;
			files = (
			);
			runOnlyForDeploymentPostprocessing = 0;
		};
		A83E8F671CF2455800A5F383 /* Frameworks */ = {
			isa = PBXFrameworksBuildPhase;
			buildActionMask = 2147483647;
			files = (
			);
			runOnlyForDeploymentPostprocessing = 0;
		};
		A83E8F721CF2455800A5F383 /* Frameworks */ = {
			isa = PBXFrameworksBuildPhase;
			buildActionMask = 2147483647;
			files = (
			);
			runOnlyForDeploymentPostprocessing = 0;
		};
/* End PBXFrameworksBuildPhase section */

/* Begin PBXGroup section */
		A83E8F4B1CF2455800A5F383 = {
			isa = PBXGroup;
			children = (
				A83E8F561CF2455800A5F383 /* TimerApp */,
				A83E8F6D1CF2455800A5F383 /* TimerAppTests */,
				A83E8F781CF2455800A5F383 /* TimerAppUITests */,
				A83E8F551CF2455800A5F383 /* Products */,
			);
			sourceTree = "<group>";
		};
		A83E8F551CF2455800A5F383 /* Products */ = {
			isa = PBXGroup;
			children = (
				A83E8F541CF2455800A5F383 /* TimerApp.app */,
				A83E8F6A1CF2455800A5F383 /* TimerAppTests.xctest */,
				A83E8F751CF2455800A5F383 /* TimerAppUITests.xctest */,
			);
			name = Products;
			sourceTree = "<group>";
		};
		A83E8F561CF2455800A5F383 /* TimerApp */ = {
			isa = PBXGroup;
			children = (
				A83E8F571CF2455800A5F383 /* AppDelegate.h */,
				A83E8F581CF2455800A5F383 /* AppDelegate.m */,
				A83E8F5D1CF2455800A5F383 /* ViewController.h */,
				A83E8F5E1CF2455800A5F383 /* ViewController.m */,
				A83E8F871CF252B700A5F383 /* TimerThread.h */,
				A83E8F881CF252B700A5F383 /* TimerThread.m */,
				A83E901B1CF39B9400A5F383 /* MyTimerData.h */,
				A83E901C1CF39B9500A5F383 /* MyTimerData.m */,
				A83E901E1CF3A55B00A5F383 /* MyTableViewDataSource.h */,
				A83E901F1CF3A55B00A5F383 /* MyTableViewDataSource.m */,
				A83E902D1CF3D2E600A5F383 /* MyModalViewController.h */,
				A83E902E1CF3D2E600A5F383 /* MyModalViewController.m */,
				A83E902F1CF3D2E600A5F383 /* MyModalViewController.xib */,
				A8401D9B1CF65BBF0036B4EC /* TimerWindowController.h */,
				A8401D9C1CF65BBF0036B4EC /* TimerWindowController.m */,
				A8401D9D1CF65BBF0036B4EC /* TimerWindowController.xib */,
				A8401DAD1CF6E51E0036B4EC /* OnlyIntegerValueFormatter.h */,
				A8401DAE1CF6E51E0036B4EC /* OnlyIntegerValueFormatter.m */,
				A83E8F601CF2455800A5F383 /* Assets.xcassets */,
				A83E8F621CF2455800A5F383 /* Main.storyboard */,
				A83E8F651CF2455800A5F383 /* Info.plist */,
				A83E8F5A1CF2455800A5F383 /* Supporting Files */,
			);
			path = TimerApp;
			sourceTree = "<group>";
		};
		A83E8F5A1CF2455800A5F383 /* Supporting Files */ = {
			isa = PBXGroup;
			children = (
				A83E8F5B1CF2455800A5F383 /* main.m */,
			);
			name = "Supporting Files";
			sourceTree = "<group>";
		};
		A83E8F6D1CF2455800A5F383 /* TimerAppTests */ = {
			isa = PBXGroup;
			children = (
				A83E8F6E1CF2455800A5F383 /* TimerAppTests.m */,
				A83E8F701CF2455800A5F383 /* Info.plist */,
			);
			path = TimerAppTests;
			sourceTree = "<group>";
		};
		A83E8F781CF2455800A5F383 /* TimerAppUITests */ = {
			isa = PBXGroup;
			children = (
				A83E8F791CF2455800A5F383 /* TimerAppUITests.m */,
				A83E8F7B1CF2455800A5F383 /* Info.plist */,
			);
			path = TimerAppUITests;
			sourceTree = "<group>";
		};
/* End PBXGroup section */

/* Begin PBXNativeTarget section */
		A83E8F531CF2455800A5F383 /* TimerApp */ = {
			isa = PBXNativeTarget;
			buildConfigurationList = A83E8F7E1CF2455800A5F383 /* Build configuration list for PBXNativeTarget "TimerApp" */;
			buildPhases = (
				A83E8F501CF2455800A5F383 /* Sources */,
				A83E8F511CF2455800A5F383 /* Frameworks */,
				A83E8F521CF2455800A5F383 /* Resources */,
			);
			buildRules = (
			);
			dependencies = (
			);
			name = TimerApp;
			productName = TimerApp;
			productReference = A83E8F541CF2455800A5F383 /* TimerApp.app */;
			productType = "com.apple.product-type.application";
		};
		A83E8F691CF2455800A5F383 /* TimerAppTests */ = {
			isa = PBXNativeTarget;
			buildConfigurationList = A83E8F811CF2455800A5F383 /* Build configuration list for PBXNativeTarget "TimerAppTests" */;
			buildPhases = (
				A83E8F661CF2455800A5F383 /* Sources */,
				A83E8F671CF2455800A5F383 /* Frameworks */,
				A83E8F681CF2455800A5F383 /* Resources */,
			);
			buildRules = (
			);
			dependencies = (
				A83E8F6C1CF2455800A5F383 /* PBXTargetDependency */,
			);
			name = TimerAppTests;
			productName = TimerAppTests;
			productReference = A83E8F6A1CF2455800A5F383 /* TimerAppTests.xctest */;
			productType = "com.apple.product-type.bundle.unit-test";
		};
		A83E8F741CF2455800A5F383 /* TimerAppUITests */ = {
			isa = PBXNativeTarget;
			buildConfigurationList = A83E8F841CF2455800A5F383 /* Build configuration list for PBXNativeTarget "TimerAppUITests" */;
			buildPhases = (
				A83E8F711CF2455800A5F383 /* Sources */,
				A83E8F721CF2455800A5F383 /* Frameworks */,
				A83E8F731CF2455800A5F383 /* Resources */,
			);
			buildRules = (
			);
			dependencies = (
				A83E8F771CF2455800A5F383 /* PBXTargetDependency */,
			);
			name = TimerAppUITests;
			productName = TimerAppUITests;
			productReference = A83E8F751CF2455800A5F383 /* TimerAppUITests.xctest */;
			productType = "com.apple.product-type.bundle.ui-testing";
		};
/* End PBXNativeTarget section */

/* Begin PBXProject section */
		A83E8F4C1CF2455800A5F383 /* Project object */ = {
			isa = PBXProject;
			attributes = {
				LastUpgradeCheck = 0730;
				ORGANIZATIONNAME = "Alexandr Polukhin";
				TargetAttributes = {
					A83E8F531CF2455800A5F383 = {
						CreatedOnToolsVersion = 7.3.1;
					};
					A83E8F691CF2455800A5F383 = {
						CreatedOnToolsVersion = 7.3.1;
						TestTargetID = A83E8F531CF2455800A5F383;
					};
					A83E8F741CF2455800A5F383 = {
						CreatedOnToolsVersion = 7.3.1;
						TestTargetID = A83E8F531CF2455800A5F383;
					};
				};
			};
			buildConfigurationList = A83E8F4F1CF2455800A5F383 /* Build configuration list for PBXProject "TimerApp" */;
			compatibilityVersion = "Xcode 3.2";
			developmentRegion = English;
			hasScannedForEncodings = 0;
			knownRegions = (
				en,
				Base,
			);
			mainGroup = A83E8F4B1CF2455800A5F383;
			productRefGroup = A83E8F551CF2455800A5F383 /* Products */;
			projectDirPath = "";
			projectRoot = "";
			targets = (
				A83E8F531CF2455800A5F383 /* TimerApp */,
				A83E8F691CF2455800A5F383 /* TimerAppTests */,
				A83E8F741CF2455800A5F383 /* TimerAppUITests */,
			);
		};
/* End PBXProject section */

/* Begin PBXResourcesBuildPhase section */
		A83E8F521CF2455800A5F383 /* Resources */ = {
			isa = PBXResourcesBuildPhase;
			buildActionMask = 2147483647;
			files = (
				A83E8F611CF2455800A5F383 /* Assets.xcassets in Resources */,
				A83E8F641CF2455800A5F383 /* Main.storyboard in Resources */,
				A83E90311CF3D2E600A5F383 /* MyModalViewController.xib in Resources */,
				A8401D9F1CF65BBF0036B4EC /* TimerWindowController.xib in Resources */,
			);
			runOnlyForDeploymentPostprocessing = 0;
		};
		A83E8F681CF2455800A5F383 /* Resources */ = {
			isa = PBXResourcesBuildPhase;
			buildActionMask = 2147483647;
			files = (
			);
			runOnlyForDeploymentPostprocessing = 0;
		};
		A83E8F731CF2455800A5F383 /* Resources */ = {
			isa = PBXResourcesBuildPhase;
			buildActionMask = 2147483647;
			files = (
			);
			runOnlyForDeploymentPostprocessing = 0;
		};
/* End PBXResourcesBuildPhase section */

/* Begin PBXSourcesBuildPhase section */
		A83E8F501CF2455800A5F383 /* Sources */ = {
			isa = PBXSourcesBuildPhase;
			buildActionMask = 2147483647;
			files = (
				A83E901D1CF39B9500A5F383 /* MyTimerData.m in Sources */,
				A8401DAF1CF6E51E0036B4EC /* OnlyIntegerValueFormatter.m in Sources */,
				A83E8F5F1CF2455800A5F383 /* ViewController.m in Sources */,
				A83E90201CF3A55B00A5F383 /* MyTableViewDataSource.m in Sources */,
				A83E90301CF3D2E600A5F383 /* MyModalViewController.m in Sources */,
				A83E8F891CF252B700A5F383 /* TimerThread.m in Sources */,
				A83E8F5C1CF2455800A5F383 /* main.m in Sources */,
				A83E8F591CF2455800A5F383 /* AppDelegate.m in Sources */,
				A8401D9E1CF65BBF0036B4EC /* TimerWindowController.m in Sources */,
			);
			runOnlyForDeploymentPostprocessing = 0;
		};
		A83E8F661CF2455800A5F383 /* Sources */ = {
			isa = PBXSourcesBuildPhase;
			buildActionMask = 2147483647;
			files = (
				A83E8F6F1CF2455800A5F383 /* TimerAppTests.m in Sources */,
			);
			runOnlyForDeploymentPostprocessing = 0;
		};
		A83E8F711CF2455800A5F383 /* Sources */ = {
			isa = PBXSourcesBuildPhase;
			buildActionMask = 2147483647;
			files = (
				A83E8F7A1CF2455800A5F383 /* TimerAppUITests.m in Sources */,
			);
			runOnlyForDeploymentPostprocessing = 0;
		};
/* End PBXSourcesBuildPhase section */

/* Begin PBXTargetDependency section */
		A83E8F6C1CF2455800A5F383 /* PBXTargetDependency */ = {
			isa = PBXTargetDependency;
			target = A83E8F531CF2455800A5F383 /* TimerApp */;
			targetProxy = A83E8F6B1CF2455800A5F383 /* PBXContainerItemProxy */;
		};
		A83E8F771CF2455800A5F383 /* PBXTargetDependency */ = {
			isa = PBXTargetDependency;
			target = A83E8F531CF2455800A5F383 /* TimerApp */;
			targetProxy = A83E8F761CF2455800A5F383 /* PBXContainerItemProxy */;
		};
/* End PBXTargetDependency section */

/* Begin PBXVariantGroup section */
		A83E8F621CF2455800A5F383 /* Main.storyboard */ = {
			isa = PBXVariantGroup;
			children = (
				A83E8F631CF2455800A5F383 /* Base */,
			);
			name = Main.storyboard;
			sourceTree = "<group>";
		};
/* End PBXVariantGroup section */

/* Begin XCBuildConfiguration section */
		A83E8F7C1CF2455800A5F383 /* Debug */ = {
			isa = XCBuildConfiguration;
			buildSettings = {
				ALWAYS_SEARCH_USER_PATHS = NO;
				CLANG_ANALYZER_NONNULL = YES;
				CLANG_CXX_LANGUAGE_STANDARD = "gnu++0x";
				CLANG_CXX_LIBRARY = "libc++";
				CLANG_ENABLE_MODULES = YES;
				CLANG_ENABLE_OBJC_ARC = YES;
				CLANG_WARN_BOOL_CONVERSION = YES;
				CLANG_WARN_CONSTANT_CONVERSION = YES;
				CLANG_WARN_DIRECT_OBJC_ISA_USAGE = YES_ERROR;
				CLANG_WARN_EMPTY_BODY = YES;
				CLANG_WARN_ENUM_CONVERSION = YES;
				CLANG_WARN_INT_CONVERSION = YES;
				CLANG_WARN_OBJC_ROOT_CLASS = YES_ERROR;
				CLANG_WARN_UNREACHABLE_CODE = YES;
				CLANG_WARN__DUPLICATE_METHOD_MATCH = YES;
				CODE_SIGN_IDENTITY = "-";
				COPY_PHASE_STRIP = NO;
				DEBUG_INFORMATION_FORMAT = dwarf;
				ENABLE_STRICT_OBJC_MSGSEND = YES;
				ENABLE_TESTABILITY = YES;
				GCC_C_LANGUAGE_STANDARD = gnu99;
				GCC_DYNAMIC_NO_PIC = NO;
				GCC_NO_COMMON_BLOCKS = YES;
				GCC_OPTIMIZATION_LEVEL = 0;
				GCC_PREPROCESSOR_DEFINITIONS = (
					"DEBUG=1",
					"$(inherited)",
				);
				GCC_WARN_64_TO_32_BIT_CONVERSION = YES;
				GCC_WARN_ABOUT_RETURN_TYPE = YES_ERROR;
				GCC_WARN_UNDECLARED_SELECTOR = YES;
				GCC_WARN_UNINITIALIZED_AUTOS = YES_AGGRESSIVE;
				GCC_WARN_UNUSED_FUNCTION = YES;
				GCC_WARN_UNUSED_VARIABLE = YES;
				MACOSX_DEPLOYMENT_TARGET = 10.11;
				MTL_ENABLE_DEBUG_INFO = YES;
				ONLY_ACTIVE_ARCH = YES;
				SDKROOT = macosx;
			};
			name = Debug;
		};
		A83E8F7D1CF2455800A5F383 /* Release */ = {
			isa = XCBuildConfiguration;
			buildSettings = {
				ALWAYS_SEARCH_USER_PATHS = NO;
				CLANG_ANALYZER_NONNULL = YES;
				CLANG_CXX_LANGUAGE_STANDARD = "gnu++0x";
				CLANG_CXX_LIBRARY = "libc++";
				CLANG_ENABLE_MODULES = YES;
				CLANG_ENABLE_OBJC_ARC = YES;
				CLANG_WARN_BOOL_CONVERSION = YES;
				CLANG_WARN_CONSTANT_CONVERSION = YES;
				CLANG_WARN_DIRECT_OBJC_ISA_USAGE = YES_ERROR;
				CLANG_WARN_EMPTY_BODY = YES;
				CLANG_WARN_ENUM_CONVERSION = YES;
				CLANG_WARN_INT_CONVERSION = YES;
				CLANG_WARN_OBJC_ROOT_CLASS = YES_ERROR;
				CLANG_WARN_UNREACHABLE_CODE = YES;
				CLANG_WARN__DUPLICATE_METHOD_MATCH = YES;
				CODE_SIGN_IDENTITY = "-";
				COPY_PHASE_STRIP = NO;
				DEBUG_INFORMATION_FORMAT = "dwarf-with-dsym";
				ENABLE_NS_ASSERTIONS = NO;
				ENABLE_STRICT_OBJC_MSGSEND = YES;
				GCC_C_LANGUAGE_STANDARD = gnu99;
				GCC_NO_COMMON_BLOCKS = YES;
				GCC_WARN_64_TO_32_BIT_CONVERSION = YES;
				GCC_WARN_ABOUT_RETURN_TYPE = YES_ERROR;
				GCC_WARN_UNDECLARED_SELECTOR = YES;
				GCC_WARN_UNINITIALIZED_AUTOS = YES_AGGRESSIVE;
				GCC_WARN_UNUSED_FUNCTION = YES;
				GCC_WARN_UNUSED_VARIABLE = YES;
				MACOSX_DEPLOYMENT_TARGET = 10.11;
				MTL_ENABLE_DEBUG_INFO = NO;
				SDKROOT = macosx;
			};
			name = Release;
		};
		A83E8F7F1CF2455800A5F383 /* Debug */ = {
			isa = XCBuildConfiguration;
			buildSettings = {
				ASSETCATALOG_COMPILER_APPICON_NAME = AppIcon;
				COMBINE_HIDPI_IMAGES = YES;
				INFOPLIST_FILE = TimerApp/Info.plist;
				LD_RUNPATH_SEARCH_PATHS = "$(inherited) @executable_path/../Frameworks";
				PRODUCT_BUNDLE_IDENTIFIER = "org.it-step.TimerApp";
				PRODUCT_NAME = "$(TARGET_NAME)";
			};
			name = Debug;
		};
		A83E8F801CF2455800A5F383 /* Release */ = {
			isa = XCBuildConfiguration;
			buildSettings = {
				ASSETCATALOG_COMPILER_APPICON_NAME = AppIcon;
				COMBINE_HIDPI_IMAGES = YES;
				INFOPLIST_FILE = TimerApp/Info.plist;
				LD_RUNPATH_SEARCH_PATHS = "$(inherited) @executable_path/../Frameworks";
				PRODUCT_BUNDLE_IDENTIFIER = "org.it-step.TimerApp";
				PRODUCT_NAME = "$(TARGET_NAME)";
			};
			name = Release;
		};
		A83E8F821CF2455800A5F383 /* Debug */ = {
			isa = XCBuildConfiguration;
			buildSettings = {
				BUNDLE_LOADER = "$(TEST_HOST)";
				COMBINE_HIDPI_IMAGES = YES;
				INFOPLIST_FILE = TimerAppTests/Info.plist;
				LD_RUNPATH_SEARCH_PATHS = "$(inherited) @executable_path/../Frameworks @loader_path/../Frameworks";
				PRODUCT_BUNDLE_IDENTIFIER = "org.it-step.TimerAppTests";
				PRODUCT_NAME = "$(TARGET_NAME)";
				TEST_HOST = "$(BUILT_PRODUCTS_DIR)/TimerApp.app/Contents/MacOS/TimerApp";
			};
			name = Debug;
		};
		A83E8F831CF2455800A5F383 /* Release */ = {
			isa = XCBuildConfiguration;
			buildSettings = {
				BUNDLE_LOADER = "$(TEST_HOST)";
				COMBINE_HIDPI_IMAGES = YES;
				INFOPLIST_FILE = TimerAppTests/Info.plist;
				LD_RUNPATH_SEARCH_PATHS = "$(inherited) @executable_path/../Frameworks @loader_path/../Frameworks";
				PRODUCT_BUNDLE_IDENTIFIER = "org.it-step.TimerAppTests";
				PRODUCT_NAME = "$(TARGET_NAME)";
				TEST_HOST = "$(BUILT_PRODUCTS_DIR)/TimerApp.app/Contents/MacOS/TimerApp";
			};
			name = Release;
		};
		A83E8F851CF2455800A5F383 /* Debug */ = {
			isa = XCBuildConfiguration;
			buildSettings = {
				COMBINE_HIDPI_IMAGES = YES;
				INFOPLIST_FILE = TimerAppUITests/Info.plist;
				LD_RUNPATH_SEARCH_PATHS = "$(inherited) @executable_path/../Frameworks @loader_path/../Frameworks";
				PRODUCT_BUNDLE_IDENTIFIER = "org.it-step.TimerAppUITests";
				PRODUCT_NAME = "$(TARGET_NAME)";
				TEST_TARGET_NAME = TimerApp;
			};
			name = Debug;
		};
		A83E8F861CF2455800A5F383 /* Release */ = {
			isa = XCBuildConfiguration;
			buildSettings = {
				COMBINE_HIDPI_IMAGES = YES;
				INFOPLIST_FILE = TimerAppUITests/Info.plist;
				LD_RUNPATH_SEARCH_PATHS = "$(inherited) @executable_path/../Frameworks @loader_path/../Frameworks";
				PRODUCT_BUNDLE_IDENTIFIER = "org.it-step.TimerAppUITests";
				PRODUCT_NAME = "$(TARGET_NAME)";
				TEST_TARGET_NAME = TimerApp;
			};
			name = Release;
		};
/* End XCBuildConfiguration section */

/* Begin XCConfigurationList section */
		A83E8F4F1CF2455800A5F383 /* Build configuration list for PBXProject "TimerApp" */ = {
			isa = XCConfigurationList;
			buildConfigurations = (
				A83E8F7C1CF2455800A5F383 /* Debug */,
				A83E8F7D1CF2455800A5F383 /* Release */,
			);
			defaultConfigurationIsVisible = 0;
			defaultConfigurationName = Release;
		};
		A83E8F7E1CF2455800A5F383 /* Build configuration list for PBXNativeTarget "TimerApp" */ = {
			isa = XCConfigurationList;
			buildConfigurations = (
				A83E8F7F1CF2455800A5F383 /* Debug */,
				A83E8F801CF2455800A5F383 /* Release */,
			);
			defaultConfigurationIsVisible = 0;
			defaultConfigurationName = Release;
		};
		A83E8F811CF2455800A5F383 /* Build configuration list for PBXNativeTarget "TimerAppTests" */ = {
			isa = XCConfigurationList;
			buildConfigurations = (
				A83E8F821CF2455800A5F383 /* Debug */,
				A83E8F831CF2455800A5F383 /* Release */,
			);
			defaultConfigurationIsVisible = 0;
			defaultConfigurationName = Release;
		};
		A83E8F841CF2455800A5F383 /* Build configuration list for PBXNativeTarget "TimerAppUITests" */ = {
			isa = XCConfigurationList;
			buildConfigurations = (
				A83E8F851CF2455800A5F383 /* Debug */,
				A83E8F861CF2455800A5F383 /* Release */,
			);
			defaultConfigurationIsVisible = 0;
			defaultConfigurationName = Release;
		};
/* End XCConfigurationList section */
	};
	rootObject = A83E8F4C1CF2455800A5F383 /* Project object */;
}
